Microsoft Visual Studio Solution File, Format Version 11.00
# Visual Studio 2008

Project("{03F3C6CE-4D94-33EC-6D12-BAA73762E272}") = "LD35 - shapeshift", "Assembly-CSharp.csproj", "{0C92052B-2246-1C31-9A13-693DB326A445}"
EndProject
Global
	GlobalSection(SolutionConfigurationPlatforms) = preSolution
		Debug|Any CPU = Debug|Any CPU
		Release|Any CPU = Release|Any CPU
	EndGlobalSection
	GlobalSection(ProjectConfigurationPlatforms) = postSolution
		{0C92052B-2246-1C31-9A13-693DB326A445}.Debug|Any CPU.ActiveCfg = Debug|Any CPU
		{0C92052B-2246-1C31-9A13-693DB326A445}.Debug|Any CPU.Build.0 = Debug|Any CPU
		{0C92052B-2246-1C31-9A13-693DB326A445}.Release|Any CPU.ActiveCfg = Release|Any CPU
		{0C92052B-2246-1C31-9A13-693DB326A445}.Release|Any CPU.Build.0 = Release|Any CPU
	EndGlobalSection
	GlobalSection(SolutionProperties) = preSolution
		HideSolutionNode = FALSE
	EndGlobalSection
	GlobalSection(MonoDevelopProperties) = preSolution
		StartupItem = Assembly-CSharp.csproj
	EndGlobalSection
EndGlobal
